
Microsoft Visual Studio Solution File, Format Version 12.00
# Visual Studio 2013
VisualStudioVersion = 12.0.30501.0
MinimumVisualStudioVersion = 10.0.40219.1
Project("{FAE04EC0-301F-11D3-BF4B-00C04F79EFBC}") = "LoginDemo", "LoginDemo\LoginDemo.csproj", "{40B31A21-7913-4290-A6B5-319FDE398BD6}"
EndProject
Project("{2150E333-8FDC-42A3-9474-1A3956D46DE8}") = "02 TY.Service", "02 TY.Service", "{1A604DF6-12E1-4A01-87D2-A4F95847FA97}"
EndProject
Project("{2150E333-8FDC-42A3-9474-1A3956D46DE8}") = "01 TY.Framework", "01 TY.Framework", "{74B57A24-1EFE-47D8-8B0D-931FBB961893}"
EndProject
Project("{2150E333-8FDC-42A3-9474-1A3956D46DE8}") = "03 TY.UI", "03 TY.UI", "{450049AC-2D83-4BD2-AD2F-AA1D534D1008}"
EndProject
Project("{FAE04EC0-301F-11D3-BF4B-00C04F79EFBC}") = "TY.Entity", "TY.Entity\TY.Entity.csproj", "{131C2416-B816-4A1C-BE96-1C074BE0EEAB}"
EndProject
Project("{FAE04EC0-301F-11D3-BF4B-00C04F79EFBC}") = "CYQ.Data", "..\..\CYQdata\cyqdata\CYQ.Data.csproj", "{BD5CCC87-278F-4FEB-AD23-157FCBA9FFA1}"
EndProject
Project("{FAE04EC0-301F-11D3-BF4B-00C04F79EFBC}") = "TY.DataTables", "TY.DataTables\TY.DataTables.csproj", "{2EFC27DA-9ADB-4F46-94BD-FD021BAD2CC3}"
EndProject
Global
	GlobalSection(SolutionConfigurationPlatforms) = preSolution
		Debug|Any CPU = Debug|Any CPU
		Release|Any CPU = Release|Any CPU
	EndGlobalSection
	GlobalSection(ProjectConfigurationPlatforms) = postSolution
		{40B31A21-7913-4290-A6B5-319FDE398BD6}.Debug|Any CPU.ActiveCfg = Debug|Any CPU
		{40B31A21-7913-4290-A6B5-319FDE398BD6}.Debug|Any CPU.Build.0 = Debug|Any CPU
		{40B31A21-7913-4290-A6B5-319FDE398BD6}.Release|Any CPU.ActiveCfg = Release|Any CPU
		{40B31A21-7913-4290-A6B5-319FDE398BD6}.Release|Any CPU.Build.0 = Release|Any CPU
		{131C2416-B816-4A1C-BE96-1C074BE0EEAB}.Debug|Any CPU.ActiveCfg = Debug|Any CPU
		{131C2416-B816-4A1C-BE96-1C074BE0EEAB}.Debug|Any CPU.Build.0 = Debug|Any CPU
		{131C2416-B816-4A1C-BE96-1C074BE0EEAB}.Release|Any CPU.ActiveCfg = Release|Any CPU
		{131C2416-B816-4A1C-BE96-1C074BE0EEAB}.Release|Any CPU.Build.0 = Release|Any CPU
		{BD5CCC87-278F-4FEB-AD23-157FCBA9FFA1}.Debug|Any CPU.ActiveCfg = Debug|Any CPU
		{BD5CCC87-278F-4FEB-AD23-157FCBA9FFA1}.Debug|Any CPU.Build.0 = Debug|Any CPU
		{BD5CCC87-278F-4FEB-AD23-157FCBA9FFA1}.Release|Any CPU.ActiveCfg = Release|Any CPU
		{BD5CCC87-278F-4FEB-AD23-157FCBA9FFA1}.Release|Any CPU.Build.0 = Release|Any CPU
		{2EFC27DA-9ADB-4F46-94BD-FD021BAD2CC3}.Debug|Any CPU.ActiveCfg = Debug|Any CPU
		{2EFC27DA-9ADB-4F46-94BD-FD021BAD2CC3}.Debug|Any CPU.Build.0 = Debug|Any CPU
		{2EFC27DA-9ADB-4F46-94BD-FD021BAD2CC3}.Release|Any CPU.ActiveCfg = Release|Any CPU
		{2EFC27DA-9ADB-4F46-94BD-FD021BAD2CC3}.Release|Any CPU.Build.0 = Release|Any CPU
	EndGlobalSection
	GlobalSection(SolutionProperties) = preSolution
		HideSolutionNode = FALSE
	EndGlobalSection
	GlobalSection(NestedProjects) = preSolution
		{40B31A21-7913-4290-A6B5-319FDE398BD6} = {450049AC-2D83-4BD2-AD2F-AA1D534D1008}
		{131C2416-B816-4A1C-BE96-1C074BE0EEAB} = {1A604DF6-12E1-4A01-87D2-A4F95847FA97}
		{BD5CCC87-278F-4FEB-AD23-157FCBA9FFA1} = {74B57A24-1EFE-47D8-8B0D-931FBB961893}
		{2EFC27DA-9ADB-4F46-94BD-FD021BAD2CC3} = {74B57A24-1EFE-47D8-8B0D-931FBB961893}
	EndGlobalSection
EndGlobal
